
Microsoft Visual Studio Solution File, Format Version 12.00
# Visual Studio Version 16
VisualStudioVersion = 16.0.31205.134
MinimumVisualStudioVersion = 10.0.40219.1
Project("{FAE04EC0-301F-11D3-BF4B-00C04F79EFBC}") = "Baitap1", "Baitap1\Baitap1.csproj", "{621D3AE5-C987-4C12-964F-8138D1F9D8E3}"
EndProject
Global
	GlobalSection(SolutionConfigurationPlatforms) = preSolution
		Debug|Any CPU = Debug|Any CPU
		Release|Any CPU = Release|Any CPU
	EndGlobalSection
	GlobalSection(ProjectConfigurationPlatforms) = postSolution
		{621D3AE5-C987-4C12-964F-8138D1F9D8E3}.Debug|Any CPU.ActiveCfg = Debug|Any CPU
		{621D3AE5-C987-4C12-964F-8138D1F9D8E3}.Debug|Any CPU.Build.0 = Debug|Any CPU
		{621D3AE5-C987-4C12-964F-8138D1F9D8E3}.Release|Any CPU.ActiveCfg = Release|Any CPU
		{621D3AE5-C987-4C12-964F-8138D1F9D8E3}.Release|Any CPU.Build.0 = Release|Any CPU
	EndGlobalSection
	GlobalSection(SolutionProperties) = preSolution
		HideSolutionNode = FALSE
	EndGlobalSection
	GlobalSection(ExtensibilityGlobals) = postSolution
		SolutionGuid = {F77ECB89-DD5A-4FF2-B02D-4C7E6B6D7ACD}
	EndGlobalSection
EndGlobal
